
Microsoft Visual Studio Solution File, Format Version 12.00
# Visual Studio Version 17
VisualStudioVersion = 17.14.36414.22
MinimumVisualStudioVersion = 10.0.40219.1
Project("{2150E333-8FDC-42A3-9474-1A3956D46DE8}") = "Task0", "Task0", "{02EA681E-C7D8-13C7-8484-4AC65E1B71E8}"
EndProject
Project("{FAE04EC0-301F-11D3-BF4B-00C04F79EFBC}") = "Tyuiu.VostrAE.Sprint5.Task0.V2", "Tyuiu.VostrAE.Sprint5.Task0.V2\Tyuiu.VostrAE.Sprint5.Task0.V2.csproj", "{2CA86FAE-D655-456F-B019-1A1B65CFB653}"
EndProject
Project("{FAE04EC0-301F-11D3-BF4B-00C04F79EFBC}") = "Tyuiu.VostrAE.Sprint5.Task0.V2.Test", "Tyuiu.VostrAE.Sprint5.Task0.V2.Test\Tyuiu.VostrAE.Sprint5.Task0.V2.Test.csproj", "{C272E7D9-8FC5-4DEA-804E-C5E5BA0374BB}"
EndProject
Project("{FAE04EC0-301F-11D3-BF4B-00C04F79EFBC}") = "Tyuiu.VostrAE.Sprint5.Task0.V2.Lib", "Tyuiu.VostrAE.Sprint5.Task0.V2.Lib\Tyuiu.VostrAE.Sprint5.Task0.V2.Lib.csproj", "{6FC0A190-B563-4815-BFF7-7F8B638D2D29}"
EndProject
Project("{2150E333-8FDC-42A3-9474-1A3956D46DE8}") = "Task1", "Task1", "{3687D2DA-146F-4505-B027-B8C808806909}"
EndProject
Project("{FAE04EC0-301F-11D3-BF4B-00C04F79EFBC}") = "Tyuiu.VostrAE.Sprint5.Task1.V23", "Tyuiu.VostrAE.Sprint5.Task1.V23\Tyuiu.VostrAE.Sprint5.Task1.V23.csproj", "{2EAE3024-E4D1-460A-9AC6-7B7E92F47658}"
EndProject
Project("{FAE04EC0-301F-11D3-BF4B-00C04F79EFBC}") = "Tyuiu.VostrAE.Sprint5.Task1.V23.Test", "Tyuiu.VostrAE.Sprint5.Task1.V23.Test\Tyuiu.VostrAE.Sprint5.Task1.V23.Test.csproj", "{B325D738-EAD9-45E1-B913-B591A115B364}"
EndProject
Project("{FAE04EC0-301F-11D3-BF4B-00C04F79EFBC}") = "Tyuiu.VostrAE.Sprint5.Task1.V23.Lib", "Tyuiu.VostrAE.Sprint5.Task1.V23.Lib\Tyuiu.VostrAE.Sprint5.Task1.V23.Lib.csproj", "{FE5F3D60-F967-45EF-B1B5-AB46DCE0E291}"
EndProject
Project("{2150E333-8FDC-42A3-9474-1A3956D46DE8}") = "Task2", "Task2", "{DD5A2408-40E1-470D-9A16-37930F1DCB06}"
EndProject
Project("{FAE04EC0-301F-11D3-BF4B-00C04F79EFBC}") = "Tyuiu.VostrAE.Sprint5.Task2.V12.Lib", "Tyuiu.VostrAE.Sprint5.Task2.V12.Lib\Tyuiu.VostrAE.Sprint5.Task2.V12.Lib.csproj", "{D4A21458-609E-44C5-B69D-E9D5D357A98B}"
EndProject
Project("{FAE04EC0-301F-11D3-BF4B-00C04F79EFBC}") = "Tyuiu.VostrAE.Sprint5.Task2.V12.Test", "Tyuiu.VostrAE.Sprint5.Task2.V12.Test\Tyuiu.VostrAE.Sprint5.Task2.V12.Test.csproj", "{B22DBD36-9E61-457E-8B75-A6BABA65803B}"
EndProject
Project("{FAE04EC0-301F-11D3-BF4B-00C04F79EFBC}") = "Tyuiu.VostrAE.Sprint5.Task2.V12", "Tyuiu.VostrAE.Sprint5.Task2.V12\Tyuiu.VostrAE.Sprint5.Task2.V12.csproj", "{7B4800BD-D151-4F61-A5DF-64D8972744EC}"
EndProject
Project("{2150E333-8FDC-42A3-9474-1A3956D46DE8}") = "Task3", "Task3", "{203086BA-C402-49E1-812F-5984FC1AB0B1}"
EndProject
Project("{2150E333-8FDC-42A3-9474-1A3956D46DE8}") = "Task4", "Task4", "{15923A6D-E073-41F2-B478-FCE69EEC9402}"
EndProject
Project("{2150E333-8FDC-42A3-9474-1A3956D46DE8}") = "Task5", "Task5", "{E43F6164-E088-4FC4-BF13-4FE07B859415}"
EndProject
Project("{2150E333-8FDC-42A3-9474-1A3956D46DE8}") = "Task6", "Task6", "{59BDA2D6-0C7C-48BC-95C5-992FAE9CAD34}"
EndProject
Project("{2150E333-8FDC-42A3-9474-1A3956D46DE8}") = "Task7", "Task7", "{8BD13DA2-D367-4021-8BAF-A1F3A4BC105A}"
EndProject
Project("{FAE04EC0-301F-11D3-BF4B-00C04F79EFBC}") = "Tyuiu.VostrAE.Sprint5.Task3.V29", "Tyuiu.VostrAE.Sprint5.Task3.V29\Tyuiu.VostrAE.Sprint5.Task3.V29.csproj", "{53CFF851-2206-4EDD-B658-DDA0ED842F55}"
EndProject
Project("{FAE04EC0-301F-11D3-BF4B-00C04F79EFBC}") = "Tyuiu.VostrAE.Sprint5.Task3.V29.Test", "Tyuiu.VostrAE.Sprint5.Task3.V29.Test\Tyuiu.VostrAE.Sprint5.Task3.V29.Test.csproj", "{8712B037-DA80-4223-9519-860D0FF71820}"
EndProject
Project("{FAE04EC0-301F-11D3-BF4B-00C04F79EFBC}") = "Tyuiu.VostrAE.Sprint5.Task3.V29.Lib", "Tyuiu.VostrAE.Sprint5.Task3.V29.Lib\Tyuiu.VostrAE.Sprint5.Task3.V29.Lib.csproj", "{B644A427-0022-4A46-9656-2118E2A6E2B1}"
EndProject
Project("{FAE04EC0-301F-11D3-BF4B-00C04F79EFBC}") = "Tyuiu.VostrAE.Sprint5.Task4.V22.Lib", "Tyuiu.VostrAE.Sprint5.Task4.V22.Lib\Tyuiu.VostrAE.Sprint5.Task4.V22.Lib.csproj", "{619EB3A0-6576-48B7-B71F-3C98EA0A7D4E}"
EndProject
Project("{FAE04EC0-301F-11D3-BF4B-00C04F79EFBC}") = "Tyuiu.VostrAE.Sprint5.Task4.V22.Test", "Tyuiu.VostrAE.Sprint5.Task4.V22.Test\Tyuiu.VostrAE.Sprint5.Task4.V22.Test.csproj", "{79DE58F3-2AB6-48A4-9FB3-8DA14554FD12}"
EndProject
Project("{FAE04EC0-301F-11D3-BF4B-00C04F79EFBC}") = "Tyuiu.VostrAE.Sprint5.Task4.V22", "Tyuiu.VostrAE.Sprint5.Task4.V22\Tyuiu.VostrAE.Sprint5.Task4.V22.csproj", "{10A151CC-1155-4D2A-ABAC-16348E852533}"
EndProject
Project("{FAE04EC0-301F-11D3-BF4B-00C04F79EFBC}") = "Tyuiu.VostrAE.Sprint5.Task5.V9", "Tyuiu.VostrAE.Sprint5.Task5.V9\Tyuiu.VostrAE.Sprint5.Task5.V9.csproj", "{FF84DA41-02B6-4B8A-A1F0-189AD60731BC}"
EndProject
Project("{FAE04EC0-301F-11D3-BF4B-00C04F79EFBC}") = "Tyuiu.VostrAE.Sprint5.Task5.V9.Test", "Tyuiu.VostrAE.Sprint5.Task5.V9.Test\Tyuiu.VostrAE.Sprint5.Task5.V9.Test.csproj", "{8B52AE5F-F282-4B27-B7BA-45FAA1591D24}"
EndProject
Project("{FAE04EC0-301F-11D3-BF4B-00C04F79EFBC}") = "Tyuiu.VostrAE.Sprint5.Task5.V9.Lib", "Tyuiu.VostrAE.Sprint5.Task5.V9.Lib\Tyuiu.VostrAE.Sprint5.Task5.V9.Lib.csproj", "{36D2EECA-8838-4BB0-A074-5D3C2E947415}"
EndProject
Project("{FAE04EC0-301F-11D3-BF4B-00C04F79EFBC}") = "Tyuiu.VostrAE.Sprint5.Task6.V18.Lib", "Tyuiu.VostrAE.Sprint5.Task6.V18.Lib\Tyuiu.VostrAE.Sprint5.Task6.V18.Lib.csproj", "{9CF6CFC0-D924-47EC-BB1F-2A6DC4FCD0EB}"
EndProject
Project("{FAE04EC0-301F-11D3-BF4B-00C04F79EFBC}") = "Tyuiu.VostrAE.Sprint5.Task6.V18.Test", "Tyuiu.VostrAE.Sprint5.Task6.V18.Test\Tyuiu.VostrAE.Sprint5.Task6.V18.Test.csproj", "{38CFCF12-48CE-404F-80F4-25C0A6C3358D}"
EndProject
Project("{FAE04EC0-301F-11D3-BF4B-00C04F79EFBC}") = "Tyuiu.VostrAE.Sprint5.Task6.V18", "Tyuiu.VostrAE.Sprint5.Task6.V18\Tyuiu.VostrAE.Sprint5.Task6.V18.csproj", "{47F2253F-A655-4025-A0F5-6E98691A5DD8}"
EndProject
Project("{FAE04EC0-301F-11D3-BF4B-00C04F79EFBC}") = "Tyuiu.VostrAE.Sprint5.Task7.V6", "Tyuiu.VostrAE.Sprint5.Task7.V6\Tyuiu.VostrAE.Sprint5.Task7.V6.csproj", "{4C0FF625-5425-4201-88D8-16F793BFA213}"
EndProject
Project("{FAE04EC0-301F-11D3-BF4B-00C04F79EFBC}") = "Tyuiu.VostrAE.Sprint5.Task7.V6.Test", "Tyuiu.VostrAE.Sprint5.Task7.V6.Test\Tyuiu.VostrAE.Sprint5.Task7.V6.Test.csproj", "{9308180F-029C-4D75-A21B-52ADAF6B1631}"
EndProject
Project("{FAE04EC0-301F-11D3-BF4B-00C04F79EFBC}") = "Tyuiu.VostrAE.Sprint5.Task7.V6.Lib", "Tyuiu.VostrAE.Sprint5.Task7.V6.Lib\Tyuiu.VostrAE.Sprint5.Task7.V6.Lib.csproj", "{13A7D56A-6369-4D8F-87B1-D70820FBAD5F}"
EndProject
Global
	GlobalSection(SolutionConfigurationPlatforms) = preSolution
		Debug|Any CPU = Debug|Any CPU
		Release|Any CPU = Release|Any CPU
	EndGlobalSection
	GlobalSection(ProjectConfigurationPlatforms) = postSolution
		{2CA86FAE-D655-456F-B019-1A1B65CFB653}.Debug|Any CPU.ActiveCfg = Debug|Any CPU
		{2CA86FAE-D655-456F-B019-1A1B65CFB653}.Debug|Any CPU.Build.0 = Debug|Any CPU
		{2CA86FAE-D655-456F-B019-1A1B65CFB653}.Release|Any CPU.ActiveCfg = Release|Any CPU
		{2CA86FAE-D655-456F-B019-1A1B65CFB653}.Release|Any CPU.Build.0 = Release|Any CPU
		{C272E7D9-8FC5-4DEA-804E-C5E5BA0374BB}.Debug|Any CPU.ActiveCfg = Debug|Any CPU
		{C272E7D9-8FC5-4DEA-804E-C5E5BA0374BB}.Debug|Any CPU.Build.0 = Debug|Any CPU
		{C272E7D9-8FC5-4DEA-804E-C5E5BA0374BB}.Release|Any CPU.ActiveCfg = Release|Any CPU
		{C272E7D9-8FC5-4DEA-804E-C5E5BA0374BB}.Release|Any CPU.Build.0 = Release|Any CPU
		{6FC0A190-B563-4815-BFF7-7F8B638D2D29}.Debug|Any CPU.ActiveCfg = Debug|Any CPU
		{6FC0A190-B563-4815-BFF7-7F8B638D2D29}.Debug|Any CPU.Build.0 = Debug|Any CPU
		{6FC0A190-B563-4815-BFF7-7F8B638D2D29}.Release|Any CPU.ActiveCfg = Release|Any CPU
		{6FC0A190-B563-4815-BFF7-7F8B638D2D29}.Release|Any CPU.Build.0 = Release|Any CPU
		{2EAE3024-E4D1-460A-9AC6-7B7E92F47658}.Debug|Any CPU.ActiveCfg = Debug|Any CPU
		{2EAE3024-E4D1-460A-9AC6-7B7E92F47658}.Debug|Any CPU.Build.0 = Debug|Any CPU
		{2EAE3024-E4D1-460A-9AC6-7B7E92F47658}.Release|Any CPU.ActiveCfg = Release|Any CPU
		{2EAE3024-E4D1-460A-9AC6-7B7E92F47658}.Release|Any CPU.Build.0 = Release|Any CPU
		{B325D738-EAD9-45E1-B913-B591A115B364}.Debug|Any CPU.ActiveCfg = Debug|Any CPU
		{B325D738-EAD9-45E1-B913-B591A115B364}.Debug|Any CPU.Build.0 = Debug|Any CPU
		{B325D738-EAD9-45E1-B913-B591A115B364}.Release|Any CPU.ActiveCfg = Release|Any CPU
		{B325D738-EAD9-45E1-B913-B591A115B364}.Release|Any CPU.Build.0 = Release|Any CPU
		{FE5F3D60-F967-45EF-B1B5-AB46DCE0E291}.Debug|Any CPU.ActiveCfg = Debug|Any CPU
		{FE5F3D60-F967-45EF-B1B5-AB46DCE0E291}.Debug|Any CPU.Build.0 = Debug|Any CPU
		{FE5F3D60-F967-45EF-B1B5-AB46DCE0E291}.Release|Any CPU.ActiveCfg = Release|Any CPU
		{FE5F3D60-F967-45EF-B1B5-AB46DCE0E291}.Release|Any CPU.Build.0 = Release|Any CPU
		{D4A21458-609E-44C5-B69D-E9D5D357A98B}.Debug|Any CPU.ActiveCfg = Debug|Any CPU
		{D4A21458-609E-44C5-B69D-E9D5D357A98B}.Debug|Any CPU.Build.0 = Debug|Any CPU
		{D4A21458-609E-44C5-B69D-E9D5D357A98B}.Release|Any CPU.ActiveCfg = Release|Any CPU
		{D4A21458-609E-44C5-B69D-E9D5D357A98B}.Release|Any CPU.Build.0 = Release|Any CPU
		{B22DBD36-9E61-457E-8B75-A6BABA65803B}.Debug|Any CPU.ActiveCfg = Debug|Any CPU
		{B22DBD36-9E61-457E-8B75-A6BABA65803B}.Debug|Any CPU.Build.0 = Debug|Any CPU
		{B22DBD36-9E61-457E-8B75-A6BABA65803B}.Release|Any CPU.ActiveCfg = Release|Any CPU
		{B22DBD36-9E61-457E-8B75-A6BABA65803B}.Release|Any CPU.Build.0 = Release|Any CPU
		{7B4800BD-D151-4F61-A5DF-64D8972744EC}.Debug|Any CPU.ActiveCfg = Debug|Any CPU
		{7B4800BD-D151-4F61-A5DF-64D8972744EC}.Debug|Any CPU.Build.0 = Debug|Any CPU
		{7B4800BD-D151-4F61-A5DF-64D8972744EC}.Release|Any CPU.ActiveCfg = Release|Any CPU
		{7B4800BD-D151-4F61-A5DF-64D8972744EC}.Release|Any CPU.Build.0 = Release|Any CPU
		{53CFF851-2206-4EDD-B658-DDA0ED842F55}.Debug|Any CPU.ActiveCfg = Debug|Any CPU
		{53CFF851-2206-4EDD-B658-DDA0ED842F55}.Debug|Any CPU.Build.0 = Debug|Any CPU
		{53CFF851-2206-4EDD-B658-DDA0ED842F55}.Release|Any CPU.ActiveCfg = Release|Any CPU
		{53CFF851-2206-4EDD-B658-DDA0ED842F55}.Release|Any CPU.Build.0 = Release|Any CPU
		{8712B037-DA80-4223-9519-860D0FF71820}.Debug|Any CPU.ActiveCfg = Debug|Any CPU
		{8712B037-DA80-4223-9519-860D0FF71820}.Debug|Any CPU.Build.0 = Debug|Any CPU
		{8712B037-DA80-4223-9519-860D0FF71820}.Release|Any CPU.ActiveCfg = Release|Any CPU
		{8712B037-DA80-4223-9519-860D0FF71820}.Release|Any CPU.Build.0 = Release|Any CPU
		{B644A427-0022-4A46-9656-2118E2A6E2B1}.Debug|Any CPU.ActiveCfg = Debug|Any CPU
		{B644A427-0022-4A46-9656-2118E2A6E2B1}.Debug|Any CPU.Build.0 = Debug|Any CPU
		{B644A427-0022-4A46-9656-2118E2A6E2B1}.Release|Any CPU.ActiveCfg = Release|Any CPU
		{B644A427-0022-4A46-9656-2118E2A6E2B1}.Release|Any CPU.Build.0 = Release|Any CPU
		{619EB3A0-6576-48B7-B71F-3C98EA0A7D4E}.Debug|Any CPU.ActiveCfg = Debug|Any CPU
		{619EB3A0-6576-48B7-B71F-3C98EA0A7D4E}.Debug|Any CPU.Build.0 = Debug|Any CPU
		{619EB3A0-6576-48B7-B71F-3C98EA0A7D4E}.Release|Any CPU.ActiveCfg = Release|Any CPU
		{619EB3A0-6576-48B7-B71F-3C98EA0A7D4E}.Release|Any CPU.Build.0 = Release|Any CPU
		{79DE58F3-2AB6-48A4-9FB3-8DA14554FD12}.Debug|Any CPU.ActiveCfg = Debug|Any CPU
		{79DE58F3-2AB6-48A4-9FB3-8DA14554FD12}.Debug|Any CPU.Build.0 = Debug|Any CPU
		{79DE58F3-2AB6-48A4-9FB3-8DA14554FD12}.Release|Any CPU.ActiveCfg = Release|Any CPU
		{79DE58F3-2AB6-48A4-9FB3-8DA14554FD12}.Release|Any CPU.Build.0 = Release|Any CPU
		{10A151CC-1155-4D2A-ABAC-16348E852533}.Debug|Any CPU.ActiveCfg = Debug|Any CPU
		{10A151CC-1155-4D2A-ABAC-16348E852533}.Debug|Any CPU.Build.0 = Debug|Any CPU
		{10A151CC-1155-4D2A-ABAC-16348E852533}.Release|Any CPU.ActiveCfg = Release|Any CPU
		{10A151CC-1155-4D2A-ABAC-16348E852533}.Release|Any CPU.Build.0 = Release|Any CPU
		{FF84DA41-02B6-4B8A-A1F0-189AD60731BC}.Debug|Any CPU.ActiveCfg = Debug|Any CPU
		{FF84DA41-02B6-4B8A-A1F0-189AD60731BC}.Debug|Any CPU.Build.0 = Debug|Any CPU
		{FF84DA41-02B6-4B8A-A1F0-189AD60731BC}.Release|Any CPU.ActiveCfg = Release|Any CPU
		{FF84DA41-02B6-4B8A-A1F0-189AD60731BC}.Release|Any CPU.Build.0 = Release|Any CPU
		{8B52AE5F-F282-4B27-B7BA-45FAA1591D24}.Debug|Any CPU.ActiveCfg = Debug|Any CPU
		{8B52AE5F-F282-4B27-B7BA-45FAA1591D24}.Debug|Any CPU.Build.0 = Debug|Any CPU
		{8B52AE5F-F282-4B27-B7BA-45FAA1591D24}.Release|Any CPU.ActiveCfg = Release|Any CPU
		{8B52AE5F-F282-4B27-B7BA-45FAA1591D24}.Release|Any CPU.Build.0 = Release|Any CPU
		{36D2EECA-8838-4BB0-A074-5D3C2E947415}.Debug|Any CPU.ActiveCfg = Debug|Any CPU
		{36D2EECA-8838-4BB0-A074-5D3C2E947415}.Debug|Any CPU.Build.0 = Debug|Any CPU
		{36D2EECA-8838-4BB0-A074-5D3C2E947415}.Release|Any CPU.ActiveCfg = Release|Any CPU
		{36D2EECA-8838-4BB0-A074-5D3C2E947415}.Release|Any CPU.Build.0 = Release|Any CPU
		{9CF6CFC0-D924-47EC-BB1F-2A6DC4FCD0EB}.Debug|Any CPU.ActiveCfg = Debug|Any CPU
		{9CF6CFC0-D924-47EC-BB1F-2A6DC4FCD0EB}.Debug|Any CPU.Build.0 = Debug|Any CPU
		{9CF6CFC0-D924-47EC-BB1F-2A6DC4FCD0EB}.Release|Any CPU.ActiveCfg = Release|Any CPU
		{9CF6CFC0-D924-47EC-BB1F-2A6DC4FCD0EB}.Release|Any CPU.Build.0 = Release|Any CPU
		{38CFCF12-48CE-404F-80F4-25C0A6C3358D}.Debug|Any CPU.ActiveCfg = Debug|Any CPU
		{38CFCF12-48CE-404F-80F4-25C0A6C3358D}.Debug|Any CPU.Build.0 = Debug|Any CPU
		{38CFCF12-48CE-404F-80F4-25C0A6C3358D}.Release|Any CPU.ActiveCfg = Release|Any CPU
		{38CFCF12-48CE-404F-80F4-25C0A6C3358D}.Release|Any CPU.Build.0 = Release|Any CPU
		{47F2253F-A655-4025-A0F5-6E98691A5DD8}.Debug|Any CPU.ActiveCfg = Debug|Any CPU
		{47F2253F-A655-4025-A0F5-6E98691A5DD8}.Debug|Any CPU.Build.0 = Debug|Any CPU
		{47F2253F-A655-4025-A0F5-6E98691A5DD8}.Release|Any CPU.ActiveCfg = Release|Any CPU
		{47F2253F-A655-4025-A0F5-6E98691A5DD8}.Release|Any CPU.Build.0 = Release|Any CPU
		{4C0FF625-5425-4201-88D8-16F793BFA213}.Debug|Any CPU.ActiveCfg = Debug|Any CPU
		{4C0FF625-5425-4201-88D8-16F793BFA213}.Debug|Any CPU.Build.0 = Debug|Any CPU
		{4C0FF625-5425-4201-88D8-16F793BFA213}.Release|Any CPU.ActiveCfg = Release|Any CPU
		{4C0FF625-5425-4201-88D8-16F793BFA213}.Release|Any CPU.Build.0 = Release|Any CPU
		{9308180F-029C-4D75-A21B-52ADAF6B1631}.Debug|Any CPU.ActiveCfg = Debug|Any CPU
		{9308180F-029C-4D75-A21B-52ADAF6B1631}.Debug|Any CPU.Build.0 = Debug|Any CPU
		{9308180F-029C-4D75-A21B-52ADAF6B1631}.Release|Any CPU.ActiveCfg = Release|Any CPU
		{9308180F-029C-4D75-A21B-52ADAF6B1631}.Release|Any CPU.Build.0 = Release|Any CPU
		{13A7D56A-6369-4D8F-87B1-D70820FBAD5F}.Debug|Any CPU.ActiveCfg = Debug|Any CPU
		{13A7D56A-6369-4D8F-87B1-D70820FBAD5F}.Debug|Any CPU.Build.0 = Debug|Any CPU
		{13A7D56A-6369-4D8F-87B1-D70820FBAD5F}.Release|Any CPU.ActiveCfg = Release|Any CPU
		{13A7D56A-6369-4D8F-87B1-D70820FBAD5F}.Release|Any CPU.Build.0 = Release|Any CPU
	EndGlobalSection
	GlobalSection(SolutionProperties) = preSolution
		HideSolutionNode = FALSE
	EndGlobalSection
	GlobalSection(NestedProjects) = preSolution
		{2CA86FAE-D655-456F-B019-1A1B65CFB653} = {02EA681E-C7D8-13C7-8484-4AC65E1B71E8}
		{C272E7D9-8FC5-4DEA-804E-C5E5BA0374BB} = {02EA681E-C7D8-13C7-8484-4AC65E1B71E8}
		{6FC0A190-B563-4815-BFF7-7F8B638D2D29} = {02EA681E-C7D8-13C7-8484-4AC65E1B71E8}
		{2EAE3024-E4D1-460A-9AC6-7B7E92F47658} = {3687D2DA-146F-4505-B027-B8C808806909}
		{B325D738-EAD9-45E1-B913-B591A115B364} = {3687D2DA-146F-4505-B027-B8C808806909}
		{FE5F3D60-F967-45EF-B1B5-AB46DCE0E291} = {3687D2DA-146F-4505-B027-B8C808806909}
		{D4A21458-609E-44C5-B69D-E9D5D357A98B} = {DD5A2408-40E1-470D-9A16-37930F1DCB06}
		{B22DBD36-9E61-457E-8B75-A6BABA65803B} = {DD5A2408-40E1-470D-9A16-37930F1DCB06}
		{7B4800BD-D151-4F61-A5DF-64D8972744EC} = {DD5A2408-40E1-470D-9A16-37930F1DCB06}
		{53CFF851-2206-4EDD-B658-DDA0ED842F55} = {203086BA-C402-49E1-812F-5984FC1AB0B1}
		{8712B037-DA80-4223-9519-860D0FF71820} = {203086BA-C402-49E1-812F-5984FC1AB0B1}
		{B644A427-0022-4A46-9656-2118E2A6E2B1} = {203086BA-C402-49E1-812F-5984FC1AB0B1}
		{619EB3A0-6576-48B7-B71F-3C98EA0A7D4E} = {15923A6D-E073-41F2-B478-FCE69EEC9402}
		{79DE58F3-2AB6-48A4-9FB3-8DA14554FD12} = {15923A6D-E073-41F2-B478-FCE69EEC9402}
		{10A151CC-1155-4D2A-ABAC-16348E852533} = {15923A6D-E073-41F2-B478-FCE69EEC9402}
		{FF84DA41-02B6-4B8A-A1F0-189AD60731BC} = {E43F6164-E088-4FC4-BF13-4FE07B859415}
		{8B52AE5F-F282-4B27-B7BA-45FAA1591D24} = {E43F6164-E088-4FC4-BF13-4FE07B859415}
		{36D2EECA-8838-4BB0-A074-5D3C2E947415} = {E43F6164-E088-4FC4-BF13-4FE07B859415}
		{9CF6CFC0-D924-47EC-BB1F-2A6DC4FCD0EB} = {59BDA2D6-0C7C-48BC-95C5-992FAE9CAD34}
		{38CFCF12-48CE-404F-80F4-25C0A6C3358D} = {59BDA2D6-0C7C-48BC-95C5-992FAE9CAD34}
		{47F2253F-A655-4025-A0F5-6E98691A5DD8} = {59BDA2D6-0C7C-48BC-95C5-992FAE9CAD34}
		{4C0FF625-5425-4201-88D8-16F793BFA213} = {8BD13DA2-D367-4021-8BAF-A1F3A4BC105A}
		{9308180F-029C-4D75-A21B-52ADAF6B1631} = {8BD13DA2-D367-4021-8BAF-A1F3A4BC105A}
		{13A7D56A-6369-4D8F-87B1-D70820FBAD5F} = {8BD13DA2-D367-4021-8BAF-A1F3A4BC105A}
	EndGlobalSection
	GlobalSection(ExtensibilityGlobals) = postSolution
		SolutionGuid = {D5191F89-DC3E-4F83-9257-7143AF833090}
	EndGlobalSection
EndGlobal
